
Microsoft Visual Studio Solution File, Format Version 12.00
# Visual Studio 15
VisualStudioVersion = 15.0.28307.779
MinimumVisualStudioVersion = 10.0.40219.1
Project("{FAE04EC0-301F-11D3-BF4B-00C04F79EFBC}") = "WF", "WF\WF.csproj", "{F6951E2B-98D8-405A-9ED6-1C0BDE739EFF}"
EndProject
Global
	GlobalSection(SolutionConfigurationPlatforms) = preSolution
		Debug|Any CPU = Debug|Any CPU
		Release|Any CPU = Release|Any CPU
	EndGlobalSection
	GlobalSection(ProjectConfigurationPlatforms) = postSolution
		{F6951E2B-98D8-405A-9ED6-1C0BDE739EFF}.Debug|Any CPU.ActiveCfg = Debug|Any CPU
		{F6951E2B-98D8-405A-9ED6-1C0BDE739EFF}.Debug|Any CPU.Build.0 = Debug|Any CPU
		{F6951E2B-98D8-405A-9ED6-1C0BDE739EFF}.Release|Any CPU.ActiveCfg = Release|Any CPU
		{F6951E2B-98D8-405A-9ED6-1C0BDE739EFF}.Release|Any CPU.Build.0 = Release|Any CPU
	EndGlobalSection
	GlobalSection(SolutionProperties) = preSolution
		HideSolutionNode = FALSE
	EndGlobalSection
	GlobalSection(ExtensibilityGlobals) = postSolution
		SolutionGuid = {52D300FF-14CC-4D5D-AF44-73DF32A64655}
	EndGlobalSection
EndGlobal
